
Microsoft Visual Studio Solution File, Format Version 12.00
# Visual Studio 15
VisualStudioVersion = 15.0.28307.106
MinimumVisualStudioVersion = 10.0.40219.1
Project("{FAE04EC0-301F-11D3-BF4B-00C04F79EFBC}") = "AHBC_Lab_18", "AHBC_Lab_18\AHBC_Lab_18.csproj", "{816BD5E7-E199-458B-B0DF-C8226F312516}"
EndProject
Global
	GlobalSection(SolutionConfigurationPlatforms) = preSolution
		Debug|Any CPU = Debug|Any CPU
		Release|Any CPU = Release|Any CPU
	EndGlobalSection
	GlobalSection(ProjectConfigurationPlatforms) = postSolution
		{816BD5E7-E199-458B-B0DF-C8226F312516}.Debug|Any CPU.ActiveCfg = Debug|Any CPU
		{816BD5E7-E199-458B-B0DF-C8226F312516}.Debug|Any CPU.Build.0 = Debug|Any CPU
		{816BD5E7-E199-458B-B0DF-C8226F312516}.Release|Any CPU.ActiveCfg = Release|Any CPU
		{816BD5E7-E199-458B-B0DF-C8226F312516}.Release|Any CPU.Build.0 = Release|Any CPU
	EndGlobalSection
	GlobalSection(SolutionProperties) = preSolution
		HideSolutionNode = FALSE
	EndGlobalSection
	GlobalSection(ExtensibilityGlobals) = postSolution
		SolutionGuid = {61D1D7AB-0067-4EC5-8FDD-F210658289F5}
	EndGlobalSection
EndGlobal
